version: 2.0
shards:
  backtracer:
    git: https://github.com/sija/backtracer.cr.git
    version: 1.2.4

  crt:
    git: https://github.com/trans/crt.git
    version: 0.2.0

  crt-ansi:
    git: https://github.com/trans/crt-ansi.git
    version: 0.2.0

  cute:
    git: https://github.com/papierkorb/cute.git
    version: 0.4.0

  exception_page:
    git: https://github.com/crystal-loot/exception_page.git
    version: 0.5.0

  fancyline:
    git: https://github.com/papierkorb/fancyline.git
    version: 0.4.1

  future:
    git: https://github.com/crystal-community/future.cr.git
    version: 1.0.0

  kemal:
    git: https://github.com/kemalcr/kemal.git
    version: 1.10.1

  radix:
    git: https://github.com/luislavena/radix.git
    version: 0.4.1

  term-terminfo:
    git: https://github.com/crystal-term/terminfo.git
    version: 0.3.1

